
Microsoft Visual Studio Solution File, Format Version 12.00
# Visual Studio Version 17
VisualStudioVersion = 17.14.36908.2 d17.14
MinimumVisualStudioVersion = 10.0.40219.1
Project("{FAE04EC0-301F-11D3-BF4B-00C04F79EFBC}") = "MoniePay", "MoniePay\MoniePay.csproj", "{654011CC-7396-49D1-ADB3-E4B53500D772}"
EndProject
Project("{FAE04EC0-301F-11D3-BF4B-00C04F79EFBC}") = "MoniePay.Client", "MoniePay.Client\MoniePay.Client.csproj", "{472C7C89-3688-48C6-86EC-C03059DCF420}"
EndProject
Global
	GlobalSection(SolutionConfigurationPlatforms) = preSolution
		Debug|Any CPU = Debug|Any CPU
		Release|Any CPU = Release|Any CPU
	EndGlobalSection
	GlobalSection(ProjectConfigurationPlatforms) = postSolution
		{654011CC-7396-49D1-ADB3-E4B53500D772}.Debug|Any CPU.ActiveCfg = Debug|Any CPU
		{654011CC-7396-49D1-ADB3-E4B53500D772}.Debug|Any CPU.Build.0 = Debug|Any CPU
		{654011CC-7396-49D1-ADB3-E4B53500D772}.Release|Any CPU.ActiveCfg = Release|Any CPU
		{654011CC-7396-49D1-ADB3-E4B53500D772}.Release|Any CPU.Build.0 = Release|Any CPU
		{472C7C89-3688-48C6-86EC-C03059DCF420}.Debug|Any CPU.ActiveCfg = Debug|Any CPU
		{472C7C89-3688-48C6-86EC-C03059DCF420}.Debug|Any CPU.Build.0 = Debug|Any CPU
		{472C7C89-3688-48C6-86EC-C03059DCF420}.Release|Any CPU.ActiveCfg = Release|Any CPU
		{472C7C89-3688-48C6-86EC-C03059DCF420}.Release|Any CPU.Build.0 = Release|Any CPU
	EndGlobalSection
	GlobalSection(SolutionProperties) = preSolution
		HideSolutionNode = FALSE
	EndGlobalSection
	GlobalSection(ExtensibilityGlobals) = postSolution
		SolutionGuid = {32BE37B7-F260-4E38-AAC9-A8E8DDC6779C}
	EndGlobalSection
EndGlobal
